apiVersion: argoproj.io/v1alpha1
kind: AppProject
metadata:
  name: ad-block
spec:
  description: Ad blocker
  sourceRepos:
    - https://charts.bhyoo.com
    - https://github.com/isac322/homelab.git
  destinations:
    - namespace: blocky
      name: prod
  clusterResourceWhitelist:
    - group: '*'
      kind: '*'
